
Microsoft Visual Studio Solution File, Format Version 12.00
# Visual Studio Version 16
VisualStudioVersion = 16.0.31019.35
MinimumVisualStudioVersion = 10.0.40219.1
Project("{9A19103F-16F7-4668-BE54-9A1E7A4F7556}") = "MaximumNumber", "MaximumUsingGeneric\MaximumNumber.csproj", "{DAFE26D8-EEC2-4100-A027-4446D8E93F27}"
EndProject
Project("{9A19103F-16F7-4668-BE54-9A1E7A4F7556}") = "3MaxFloat", "3MaxFloat\3MaxFloat.csproj", "{8A6869F6-EAE7-41BE-B424-5EC3867029FB}"
EndProject
Project("{9A19103F-16F7-4668-BE54-9A1E7A4F7556}") = "MaxString", "MaxString\MaxString.csproj", "{3FB2DB13-BCF1-4B0A-B607-8E99FBFE15C4}"
EndProject
Project("{9A19103F-16F7-4668-BE54-9A1E7A4F7556}") = "MaxMoreThan3Parameter", "MaxMoreThan3Parameter\MaxMoreThan3Parameter.csproj", "{FDEB23CB-056C-409F-90C2-3C06AFF3FA52}"
EndProject
Project("{FAE04EC0-301F-11D3-BF4B-00C04F79EFBC}") = "MaxValuePrint", "MaxValuePrint\MaxValuePrint.csproj", "{C2AA7F64-2489-4740-8A68-901BDBD15663}"
EndProject
Global
	GlobalSection(SolutionConfigurationPlatforms) = preSolution
		Debug|Any CPU = Debug|Any CPU
		Release|Any CPU = Release|Any CPU
	EndGlobalSection
	GlobalSection(ProjectConfigurationPlatforms) = postSolution
		{DAFE26D8-EEC2-4100-A027-4446D8E93F27}.Debug|Any CPU.ActiveCfg = Debug|Any CPU
		{DAFE26D8-EEC2-4100-A027-4446D8E93F27}.Debug|Any CPU.Build.0 = Debug|Any CPU
		{DAFE26D8-EEC2-4100-A027-4446D8E93F27}.Release|Any CPU.ActiveCfg = Release|Any CPU
		{DAFE26D8-EEC2-4100-A027-4446D8E93F27}.Release|Any CPU.Build.0 = Release|Any CPU
		{8A6869F6-EAE7-41BE-B424-5EC3867029FB}.Debug|Any CPU.ActiveCfg = Debug|Any CPU
		{8A6869F6-EAE7-41BE-B424-5EC3867029FB}.Debug|Any CPU.Build.0 = Debug|Any CPU
		{8A6869F6-EAE7-41BE-B424-5EC3867029FB}.Release|Any CPU.ActiveCfg = Release|Any CPU
		{8A6869F6-EAE7-41BE-B424-5EC3867029FB}.Release|Any CPU.Build.0 = Release|Any CPU
		{3FB2DB13-BCF1-4B0A-B607-8E99FBFE15C4}.Debug|Any CPU.ActiveCfg = Debug|Any CPU
		{3FB2DB13-BCF1-4B0A-B607-8E99FBFE15C4}.Debug|Any CPU.Build.0 = Debug|Any CPU
		{3FB2DB13-BCF1-4B0A-B607-8E99FBFE15C4}.Release|Any CPU.ActiveCfg = Release|Any CPU
		{3FB2DB13-BCF1-4B0A-B607-8E99FBFE15C4}.Release|Any CPU.Build.0 = Release|Any CPU
		{FDEB23CB-056C-409F-90C2-3C06AFF3FA52}.Debug|Any CPU.ActiveCfg = Debug|Any CPU
		{FDEB23CB-056C-409F-90C2-3C06AFF3FA52}.Debug|Any CPU.Build.0 = Debug|Any CPU
		{FDEB23CB-056C-409F-90C2-3C06AFF3FA52}.Release|Any CPU.ActiveCfg = Release|Any CPU
		{FDEB23CB-056C-409F-90C2-3C06AFF3FA52}.Release|Any CPU.Build.0 = Release|Any CPU
		{C2AA7F64-2489-4740-8A68-901BDBD15663}.Debug|Any CPU.ActiveCfg = Debug|Any CPU
		{C2AA7F64-2489-4740-8A68-901BDBD15663}.Debug|Any CPU.Build.0 = Debug|Any CPU
		{C2AA7F64-2489-4740-8A68-901BDBD15663}.Release|Any CPU.ActiveCfg = Release|Any CPU
		{C2AA7F64-2489-4740-8A68-901BDBD15663}.Release|Any CPU.Build.0 = Release|Any CPU
	EndGlobalSection
	GlobalSection(SolutionProperties) = preSolution
		HideSolutionNode = FALSE
	EndGlobalSection
	GlobalSection(ExtensibilityGlobals) = postSolution
		SolutionGuid = {9A32C8B4-6974-4505-BE69-7D85F5AA5419}
	EndGlobalSection
EndGlobal
